
Microsoft Visual Studio Solution File, Format Version 12.00
# Visual Studio Version 17
VisualStudioVersion = 17.5.002.0
MinimumVisualStudioVersion = 10.0.40219.1
Project("{9A19103F-16F7-4668-BE54-9A1E7A4F7556}") = "Minha Solução", "Minha Solução.csproj", "{DDA1F8DD-D05A-450F-A7CB-379A764E40F9}"
EndProject
Global
	GlobalSection(SolutionConfigurationPlatforms) = preSolution
		Debug|Any CPU = Debug|Any CPU
		Release|Any CPU = Release|Any CPU
	EndGlobalSection
	GlobalSection(ProjectConfigurationPlatforms) = postSolution
		{DDA1F8DD-D05A-450F-A7CB-379A764E40F9}.Debug|Any CPU.ActiveCfg = Debug|Any CPU
		{DDA1F8DD-D05A-450F-A7CB-379A764E40F9}.Debug|Any CPU.Build.0 = Debug|Any CPU
		{DDA1F8DD-D05A-450F-A7CB-379A764E40F9}.Release|Any CPU.ActiveCfg = Release|Any CPU
		{DDA1F8DD-D05A-450F-A7CB-379A764E40F9}.Release|Any CPU.Build.0 = Release|Any CPU
	EndGlobalSection
	GlobalSection(SolutionProperties) = preSolution
		HideSolutionNode = FALSE
	EndGlobalSection
	GlobalSection(ExtensibilityGlobals) = postSolution
		SolutionGuid = {1713ABC7-A59F-4802-BC12-54884BDC5A6F}
	EndGlobalSection
EndGlobal
